// !$*UTF8*$!
{
	archiveVersion = 1;
	classes = {
	};
	objectVersion = 56;
	objects = {

/* Begin PBXBuildFile section */
		287828F929FB160E007B3D60 /* multipleChoiceData.swift in Sources */ = {isa = PBXBuildFile; fileRef = 287828F829FB160E007B3D60 /* multipleChoiceData.swift */; };
		287828FB29FB2754007B3D60 /* multipleChoiceObject.swift in Sources */ = {isa = PBXBuildFile; fileRef = 287828FA29FB2754007B3D60 /* multipleChoiceObject.swift */; };
		287828FD2A0013C2007B3D60 /* spellVerbData.swift in Sources */ = {isa = PBXBuildFile; fileRef = 287828FC2A0013C2007B3D60 /* spellVerbData.swift */; };
		287828FF2A001623007B3D60 /* spellVerbObject.swift in Sources */ = {isa = PBXBuildFile; fileRef = 287828FE2A001623007B3D60 /* spellVerbObject.swift */; };
		287829012A002197007B3D60 /* verbConjMultipleChoiceView.swift in Sources */ = {isa = PBXBuildFile; fileRef = 287829002A002197007B3D60 /* verbConjMultipleChoiceView.swift */; };
		287829032A0023F1007B3D60 /* spellConjVerbView.swift in Sources */ = {isa = PBXBuildFile; fileRef = 287829022A0023F1007B3D60 /* spellConjVerbView.swift */; };
		28E88FFD29F9D5F000D07103 /* JSONManager.swift in Sources */ = {isa = PBXBuildFile; fileRef = 28E88FFC29F9D5F000D07103 /* JSONManager.swift */; };
		28F4D2C429D249C00080608F /* PracticeItalianAppApp.swift in Sources */ = {isa = PBXBuildFile; fileRef = 28F4D2C329D249C00080608F /* PracticeItalianAppApp.swift */; };
		28F4D2C629D249C00080608F /* ContentView.swift in Sources */ = {isa = PBXBuildFile; fileRef = 28F4D2C529D249C00080608F /* ContentView.swift */; };
		28F4D2C829D249C50080608F /* Assets.xcassets in Resources */ = {isa = PBXBuildFile; fileRef = 28F4D2C729D249C50080608F /* Assets.xcassets */; };
		28F4D2CB29D249C50080608F /* Preview Assets.xcassets in Resources */ = {isa = PBXBuildFile; fileRef = 28F4D2CA29D249C50080608F /* Preview Assets.xcassets */; };
		28F4D2CD29D249C50080608F /* Persistence.swift in Sources */ = {isa = PBXBuildFile; fileRef = 28F4D2CC29D249C50080608F /* Persistence.swift */; };
		28F4D2D029D249C50080608F /* PracticeItalianApp.xcdatamodeld in Sources */ = {isa = PBXBuildFile; fileRef = 28F4D2CE29D249C50080608F /* PracticeItalianApp.xcdatamodeld */; };
		7C0013192A09EFE600E27CB4 /* shortStoryAppData.json in Resources */ = {isa = PBXBuildFile; fileRef = 7C0013182A09EFE600E27CB4 /* shortStoryAppData.json */; };
		7C00131B2A0ABCA900E27CB4 /* availableShortStories.swift in Sources */ = {isa = PBXBuildFile; fileRef = 7C00131A2A0ABCA900E27CB4 /* availableShortStories.swift */; };
		7C36CAA82A03E9960024A223 /* ItalianAppVerbData.json in Resources */ = {isa = PBXBuildFile; fileRef = 7C36CAA72A03E9960024A223 /* ItalianAppVerbData.json */; };
		7C43BCBA2A147E6F001378F4 /* createFlashCard.swift in Sources */ = {isa = PBXBuildFile; fileRef = 7C43BCB92A147E6F001378F4 /* createFlashCard.swift */; };
		7C639EAA2A1552DB00DFD8CF /* myListFlashCardActivity.swift in Sources */ = {isa = PBXBuildFile; fileRef = 7C639EA92A1552DB00DFD8CF /* myListFlashCardActivity.swift */; };
		7C639EAE2A17E10000DFD8CF /* listeningActivity.swift in Sources */ = {isa = PBXBuildFile; fileRef = 7C639EAD2A17E10000DFD8CF /* listeningActivity.swift */; };
		7C639EB22A17EFB300DFD8CF /* AudioManager.swift in Sources */ = {isa = PBXBuildFile; fileRef = 7C639EB12A17EFB300DFD8CF /* AudioManager.swift */; };
		7C639EB42A17F5D600DFD8CF /* PlaybackControlButton.swift in Sources */ = {isa = PBXBuildFile; fileRef = 7C639EB32A17F5D600DFD8CF /* PlaybackControlButton.swift */; };
		7C77DB602A0E804D00E9E766 /* GifImage.swift in Sources */ = {isa = PBXBuildFile; fileRef = 7C77DB5F2A0E804D00E9E766 /* GifImage.swift */; };
		7C77DB642A0E841200E9E766 /* italAppGif.gif in Resources */ = {isa = PBXBuildFile; fileRef = 7C77DB632A0E841200E9E766 /* italAppGif.gif */; };
		7C77DB682A0EB61F00E9E766 /* chooseTense.swift in Sources */ = {isa = PBXBuildFile; fileRef = 7C77DB672A0EB61F00E9E766 /* chooseTense.swift */; };
		7C77DB6A2A0EB6A200E9E766 /* chooseVCActivity.swift in Sources */ = {isa = PBXBuildFile; fileRef = 7C77DB692A0EB6A200E9E766 /* chooseVCActivity.swift */; };
		7CA544DD2A1018F300DB6441 /* chooseFlashCardSet.swift in Sources */ = {isa = PBXBuildFile; fileRef = 7CA544DC2A1018F300DB6441 /* chooseFlashCardSet.swift */; };
		7CA544DF2A11D37800DB6441 /* flashCardActivity.swift in Sources */ = {isa = PBXBuildFile; fileRef = 7CA544DE2A11D37800DB6441 /* flashCardActivity.swift */; };
		7CA544E12A12D94600DB6441 /* flashCardData.json in Resources */ = {isa = PBXBuildFile; fileRef = 7CA544E02A12D94600DB6441 /* flashCardData.json */; };
		7CA544E52A12EA1700DB6441 /* flashCardData.swift in Sources */ = {isa = PBXBuildFile; fileRef = 7CA544E42A12EA1700DB6441 /* flashCardData.swift */; };
		7CB79B432A1E8F8C00B09EB7 /* correct.mp3 in Resources */ = {isa = PBXBuildFile; fileRef = 7CB79B422A1E8F8A00B09EB7 /* correct.mp3 */; };
		7CB79B492A1E95C000B09EB7 /* introMusic.mp3 in Resources */ = {isa = PBXBuildFile; fileRef = 7CB79B482A1E95C000B09EB7 /* introMusic.mp3 */; };
		7CB8F28F2A0F62470017A740 /* chooseActivity.swift in Sources */ = {isa = PBXBuildFile; fileRef = 7CB8F28E2A0F62470017A740 /* chooseActivity.swift */; };
		7CBA41172A054CDD00462A34 /* shortStoryView.swift in Sources */ = {isa = PBXBuildFile; fileRef = 7CBA41162A054CDD00462A34 /* shortStoryView.swift */; };
		7CBA411E2A09CE4F00462A34 /* shortStoryObject.swift in Sources */ = {isa = PBXBuildFile; fileRef = 7CBA411D2A09CE4F00462A34 /* shortStoryObject.swift */; };
		7CBA41202A09CED300462A34 /* shortStoryData.swift in Sources */ = {isa = PBXBuildFile; fileRef = 7CBA411F2A09CED300462A34 /* shortStoryData.swift */; };
		7CC881BB2A1E43480010CF64 /* thumbUp.gif in Resources */ = {isa = PBXBuildFile; fileRef = 7CC881BA2A1E43480010CF64 /* thumbUp.gif */; };
		7CC881BD2A1E86820010CF64 /* SoundManager.swift in Sources */ = {isa = PBXBuildFile; fileRef = 7CC881BC2A1E86820010CF64 /* SoundManager.swift */; };
/* End PBXBuildFile section */

/* Begin PBXFileReference section */
		287828F829FB160E007B3D60 /* multipleChoiceData.swift */ = {isa = PBXFileReference; lastKnownFileType = sourcecode.swift; path = multipleChoiceData.swift; sourceTree = "<group>"; };
		287828FA29FB2754007B3D60 /* multipleChoiceObject.swift */ = {isa = PBXFileReference; lastKnownFileType = sourcecode.swift; path = multipleChoiceObject.swift; sourceTree = "<group>"; };
		287828FC2A0013C2007B3D60 /* spellVerbData.swift */ = {isa = PBXFileReference; lastKnownFileType = sourcecode.swift; path = spellVerbData.swift; sourceTree = "<group>"; };
		287828FE2A001623007B3D60 /* spellVerbObject.swift */ = {isa = PBXFileReference; lastKnownFileType = sourcecode.swift; path = spellVerbObject.swift; sourceTree = "<group>"; };
		287829002A002197007B3D60 /* verbConjMultipleChoiceView.swift */ = {isa = PBXFileReference; lastKnownFileType = sourcecode.swift; path = verbConjMultipleChoiceView.swift; sourceTree = "<group>"; };
		287829022A0023F1007B3D60 /* spellConjVerbView.swift */ = {isa = PBXFileReference; lastKnownFileType = sourcecode.swift; path = spellConjVerbView.swift; sourceTree = "<group>"; };
		28E88FFC29F9D5F000D07103 /* JSONManager.swift */ = {isa = PBXFileReference; lastKnownFileType = sourcecode.swift; path = JSONManager.swift; sourceTree = "<group>"; };
		28F4D2C029D249C00080608F /* PracticeItalianApp.app */ = {isa = PBXFileReference; explicitFileType = wrapper.application; includeInIndex = 0; path = PracticeItalianApp.app; sourceTree = BUILT_PRODUCTS_DIR; };
		28F4D2C329D249C00080608F /* PracticeItalianAppApp.swift */ = {isa = PBXFileReference; lastKnownFileType = sourcecode.swift; path = PracticeItalianAppApp.swift; sourceTree = "<group>"; };
		28F4D2C529D249C00080608F /* ContentView.swift */ = {isa = PBXFileReference; lastKnownFileType = sourcecode.swift; path = ContentView.swift; sourceTree = "<group>"; };
		28F4D2C729D249C50080608F /* Assets.xcassets */ = {isa = PBXFileReference; lastKnownFileType = folder.assetcatalog; path = Assets.xcassets; sourceTree = "<group>"; };
		28F4D2CA29D249C50080608F /* Preview Assets.xcassets */ = {isa = PBXFileReference; lastKnownFileType = folder.assetcatalog; path = "Preview Assets.xcassets"; sourceTree = "<group>"; };
		28F4D2CC29D249C50080608F /* Persistence.swift */ = {isa = PBXFileReference; lastKnownFileType = sourcecode.swift; path = Persistence.swift; sourceTree = "<group>"; };
		28F4D2CF29D249C50080608F /* PracticeItalianApp.xcdatamodel */ = {isa = PBXFileReference; lastKnownFileType = wrapper.xcdatamodel; path = PracticeItalianApp.xcdatamodel; sourceTree = "<group>"; };
		7C0013182A09EFE600E27CB4 /* shortStoryAppData.json */ = {isa = PBXFileReference; fileEncoding = 4; lastKnownFileType = text.json; name = shortStoryAppData.json; path = ../../../../Desktop/shortStoryAppData.json; sourceTree = "<group>"; };
		7C00131A2A0ABCA900E27CB4 /* availableShortStories.swift */ = {isa = PBXFileReference; lastKnownFileType = sourcecode.swift; path = availableShortStories.swift; sourceTree = "<group>"; };
		7C36CAA72A03E9960024A223 /* ItalianAppVerbData.json */ = {isa = PBXFileReference; fileEncoding = 4; lastKnownFileType = text.json; name = ItalianAppVerbData.json; path = ../../../../Desktop/ItalianAppVerbData.json; sourceTree = "<group>"; };
		7C43BCB92A147E6F001378F4 /* createFlashCard.swift */ = {isa = PBXFileReference; lastKnownFileType = sourcecode.swift; path = createFlashCard.swift; sourceTree = "<group>"; };
		7C639EA92A1552DB00DFD8CF /* myListFlashCardActivity.swift */ = {isa = PBXFileReference; lastKnownFileType = sourcecode.swift; path = myListFlashCardActivity.swift; sourceTree = "<group>"; };
		7C639EAD2A17E10000DFD8CF /* listeningActivity.swift */ = {isa = PBXFileReference; lastKnownFileType = sourcecode.swift; path = listeningActivity.swift; sourceTree = "<group>"; };
		7C639EB12A17EFB300DFD8CF /* AudioManager.swift */ = {isa = PBXFileReference; lastKnownFileType = sourcecode.swift; path = AudioManager.swift; sourceTree = "<group>"; };
		7C639EB32A17F5D600DFD8CF /* PlaybackControlButton.swift */ = {isa = PBXFileReference; lastKnownFileType = sourcecode.swift; path = PlaybackControlButton.swift; sourceTree = "<group>"; };
		7C77DB5F2A0E804D00E9E766 /* GifImage.swift */ = {isa = PBXFileReference; lastKnownFileType = sourcecode.swift; path = GifImage.swift; sourceTree = "<group>"; };
		7C77DB632A0E841200E9E766 /* italAppGif.gif */ = {isa = PBXFileReference; lastKnownFileType = image.gif; path = italAppGif.gif; sourceTree = "<group>"; };
		7C77DB672A0EB61F00E9E766 /* chooseTense.swift */ = {isa = PBXFileReference; lastKnownFileType = sourcecode.swift; path = chooseTense.swift; sourceTree = "<group>"; };
		7C77DB692A0EB6A200E9E766 /* chooseVCActivity.swift */ = {isa = PBXFileReference; lastKnownFileType = sourcecode.swift; path = chooseVCActivity.swift; sourceTree = "<group>"; };
		7CA544DC2A1018F300DB6441 /* chooseFlashCardSet.swift */ = {isa = PBXFileReference; lastKnownFileType = sourcecode.swift; path = chooseFlashCardSet.swift; sourceTree = "<group>"; };
		7CA544DE2A11D37800DB6441 /* flashCardActivity.swift */ = {isa = PBXFileReference; lastKnownFileType = sourcecode.swift; path = flashCardActivity.swift; sourceTree = "<group>"; };
		7CA544E02A12D94600DB6441 /* flashCardData.json */ = {isa = PBXFileReference; fileEncoding = 4; lastKnownFileType = text.json; path = flashCardData.json; sourceTree = "<group>"; };
		7CA544E42A12EA1700DB6441 /* flashCardData.swift */ = {isa = PBXFileReference; lastKnownFileType = sourcecode.swift; path = flashCardData.swift; sourceTree = "<group>"; };
		7CB79B422A1E8F8A00B09EB7 /* correct.mp3 */ = {isa = PBXFileReference; lastKnownFileType = audio.mp3; path = correct.mp3; sourceTree = "<group>"; };
		7CB79B482A1E95C000B09EB7 /* introMusic.mp3 */ = {isa = PBXFileReference; lastKnownFileType = audio.mp3; path = introMusic.mp3; sourceTree = "<group>"; };
		7CB8F28E2A0F62470017A740 /* chooseActivity.swift */ = {isa = PBXFileReference; lastKnownFileType = sourcecode.swift; path = chooseActivity.swift; sourceTree = "<group>"; };
		7CBA41162A054CDD00462A34 /* shortStoryView.swift */ = {isa = PBXFileReference; lastKnownFileType = sourcecode.swift; path = shortStoryView.swift; sourceTree = "<group>"; };
		7CBA411A2A0826DE00462A34 /* Info.plist */ = {isa = PBXFileReference; lastKnownFileType = text.plist; path = Info.plist; sourceTree = "<group>"; };
		7CBA411D2A09CE4F00462A34 /* shortStoryObject.swift */ = {isa = PBXFileReference; lastKnownFileType = sourcecode.swift; path = shortStoryObject.swift; sourceTree = "<group>"; };
		7CBA411F2A09CED300462A34 /* shortStoryData.swift */ = {isa = PBXFileReference; lastKnownFileType = sourcecode.swift; path = shortStoryData.swift; sourceTree = "<group>"; };
		7CC881BA2A1E43480010CF64 /* thumbUp.gif */ = {isa = PBXFileReference; lastKnownFileType = image.gif; path = thumbUp.gif; sourceTree = "<group>"; };
		7CC881BC2A1E86820010CF64 /* SoundManager.swift */ = {isa = PBXFileReference; lastKnownFileType = sourcecode.swift; path = SoundManager.swift; sourceTree = "<group>"; };
/* End PBXFileReference section */

/* Begin PBXFrameworksBuildPhase section */
		28F4D2BD29D249C00080608F /* Frameworks */ = {
			isa = PBXFrameworksBuildPhase;
			buildActionMask = 2147483647;
			files = (
			);
			runOnlyForDeploymentPostprocessing = 0;
		};
/* End PBXFrameworksBuildPhase section */

/* Begin PBXGroup section */
		28F4D2B729D249C00080608F = {
			isa = PBXGroup;
			children = (
				7CA544E42A12EA1700DB6441 /* flashCardData.swift */,
				28F4D2C229D249C00080608F /* PracticeItalianApp */,
				28F4D2C129D249C00080608F /* Products */,
			);
			sourceTree = "<group>";
		};
		28F4D2C129D249C00080608F /* Products */ = {
			isa = PBXGroup;
			children = (
				28F4D2C029D249C00080608F /* PracticeItalianApp.app */,
			);
			name = Products;
			sourceTree = "<group>";
		};
		28F4D2C229D249C00080608F /* PracticeItalianApp */ = {
			isa = PBXGroup;
			children = (
				7CBA411A2A0826DE00462A34 /* Info.plist */,
				28F4D2C329D249C00080608F /* PracticeItalianAppApp.swift */,
				28F4D2C529D249C00080608F /* ContentView.swift */,
				7C77DB632A0E841200E9E766 /* italAppGif.gif */,
				7CC881BA2A1E43480010CF64 /* thumbUp.gif */,
				287829022A0023F1007B3D60 /* spellConjVerbView.swift */,
				287829002A002197007B3D60 /* verbConjMultipleChoiceView.swift */,
				28F4D2C729D249C50080608F /* Assets.xcassets */,
				28F4D2CC29D249C50080608F /* Persistence.swift */,
				7CB79B3F2A1E8F6200B09EB7 /* Sounds */,
				28F4D2CE29D249C50080608F /* PracticeItalianApp.xcdatamodeld */,
				28F4D2C929D249C50080608F /* Preview Content */,
				28E88FFC29F9D5F000D07103 /* JSONManager.swift */,
				287828F829FB160E007B3D60 /* multipleChoiceData.swift */,
				287828FA29FB2754007B3D60 /* multipleChoiceObject.swift */,
				287828FC2A0013C2007B3D60 /* spellVerbData.swift */,
				287828FE2A001623007B3D60 /* spellVerbObject.swift */,
				7CBA41162A054CDD00462A34 /* shortStoryView.swift */,
				7C00131A2A0ABCA900E27CB4 /* availableShortStories.swift */,
				7CBA411D2A09CE4F00462A34 /* shortStoryObject.swift */,
				7CBA411F2A09CED300462A34 /* shortStoryData.swift */,
				7C77DB5F2A0E804D00E9E766 /* GifImage.swift */,
				7C77DB672A0EB61F00E9E766 /* chooseTense.swift */,
				7C77DB692A0EB6A200E9E766 /* chooseVCActivity.swift */,
				7CA544DC2A1018F300DB6441 /* chooseFlashCardSet.swift */,
				7CB8F28E2A0F62470017A740 /* chooseActivity.swift */,
				7CA544DE2A11D37800DB6441 /* flashCardActivity.swift */,
				7C43BCB92A147E6F001378F4 /* createFlashCard.swift */,
				7C639EA92A1552DB00DFD8CF /* myListFlashCardActivity.swift */,
				7C639EAD2A17E10000DFD8CF /* listeningActivity.swift */,
				7C639EB12A17EFB300DFD8CF /* AudioManager.swift */,
				7C639EB32A17F5D600DFD8CF /* PlaybackControlButton.swift */,
				7CC881BC2A1E86820010CF64 /* SoundManager.swift */,
			);
			path = PracticeItalianApp;
			sourceTree = "<group>";
		};
		28F4D2C929D249C50080608F /* Preview Content */ = {
			isa = PBXGroup;
			children = (
				7C0013182A09EFE600E27CB4 /* shortStoryAppData.json */,
				7CA544E02A12D94600DB6441 /* flashCardData.json */,
				7C36CAA72A03E9960024A223 /* ItalianAppVerbData.json */,
				28F4D2CA29D249C50080608F /* Preview Assets.xcassets */,
			);
			path = "Preview Content";
			sourceTree = "<group>";
		};
		7CB79B3F2A1E8F6200B09EB7 /* Sounds */ = {
			isa = PBXGroup;
			children = (
				7CB79B422A1E8F8A00B09EB7 /* correct.mp3 */,
				7CB79B482A1E95C000B09EB7 /* introMusic.mp3 */,
			);
			path = Sounds;
			sourceTree = "<group>";
		};
/* End PBXGroup section */

/* Begin PBXNativeTarget section */
		28F4D2BF29D249C00080608F /* PracticeItalianApp */ = {
			isa = PBXNativeTarget;
			buildConfigurationList = 28F4D2D329D249C50080608F /* Build configuration list for PBXNativeTarget "PracticeItalianApp" */;
			buildPhases = (
				28F4D2BC29D249C00080608F /* Sources */,
				28F4D2BD29D249C00080608F /* Frameworks */,
				28F4D2BE29D249C00080608F /* Resources */,
			);
			buildRules = (
			);
			dependencies = (
			);
			name = PracticeItalianApp;
			productName = PracticeItalianApp;
			productReference = 28F4D2C029D249C00080608F /* PracticeItalianApp.app */;
			productType = "com.apple.product-type.application";
		};
/* End PBXNativeTarget section */

/* Begin PBXProject section */
		28F4D2B829D249C00080608F /* Project object */ = {
			isa = PBXProject;
			attributes = {
				BuildIndependentTargetsInParallel = 1;
				LastSwiftUpdateCheck = 1420;
				LastUpgradeCheck = 1420;
				TargetAttributes = {
					28F4D2BF29D249C00080608F = {
						CreatedOnToolsVersion = 14.2;
					};
				};
			};
			buildConfigurationList = 28F4D2BB29D249C00080608F /* Build configuration list for PBXProject "PracticeItalianApp" */;
			compatibilityVersion = "Xcode 14.0";
			developmentRegion = en;
			hasScannedForEncodings = 0;
			knownRegions = (
				en,
				Base,
			);
			mainGroup = 28F4D2B729D249C00080608F;
			productRefGroup = 28F4D2C129D249C00080608F /* Products */;
			projectDirPath = "";
			projectRoot = "";
			targets = (
				28F4D2BF29D249C00080608F /* PracticeItalianApp */,
			);
		};
/* End PBXProject section */

/* Begin PBXResourcesBuildPhase section */
		28F4D2BE29D249C00080608F /* Resources */ = {
			isa = PBXResourcesBuildPhase;
			buildActionMask = 2147483647;
			files = (
				28F4D2CB29D249C50080608F /* Preview Assets.xcassets in Resources */,
				7CB79B432A1E8F8C00B09EB7 /* correct.mp3 in Resources */,
				7CB79B492A1E95C000B09EB7 /* introMusic.mp3 in Resources */,
				28F4D2C829D249C50080608F /* Assets.xcassets in Resources */,
				7CA544E12A12D94600DB6441 /* flashCardData.json in Resources */,
				7CC881BB2A1E43480010CF64 /* thumbUp.gif in Resources */,
				7C0013192A09EFE600E27CB4 /* shortStoryAppData.json in Resources */,
				7C36CAA82A03E9960024A223 /* ItalianAppVerbData.json in Resources */,
				7C77DB642A0E841200E9E766 /* italAppGif.gif in Resources */,
			);
			runOnlyForDeploymentPostprocessing = 0;
		};
/* End PBXResourcesBuildPhase section */

/* Begin PBXSourcesBuildPhase section */
		28F4D2BC29D249C00080608F /* Sources */ = {
			isa = PBXSourcesBuildPhase;
			buildActionMask = 2147483647;
			files = (
				287829032A0023F1007B3D60 /* spellConjVerbView.swift in Sources */,
				7C77DB682A0EB61F00E9E766 /* chooseTense.swift in Sources */,
				28F4D2CD29D249C50080608F /* Persistence.swift in Sources */,
				7C77DB602A0E804D00E9E766 /* GifImage.swift in Sources */,
				7CBA41202A09CED300462A34 /* shortStoryData.swift in Sources */,
				7CC881BD2A1E86820010CF64 /* SoundManager.swift in Sources */,
				28F4D2D029D249C50080608F /* PracticeItalianApp.xcdatamodeld in Sources */,
				7CA544E52A12EA1700DB6441 /* flashCardData.swift in Sources */,
				7CB8F28F2A0F62470017A740 /* chooseActivity.swift in Sources */,
				7CBA41172A054CDD00462A34 /* shortStoryView.swift in Sources */,
				7C639EAE2A17E10000DFD8CF /* listeningActivity.swift in Sources */,
				7CA544DD2A1018F300DB6441 /* chooseFlashCardSet.swift in Sources */,
				7CBA411E2A09CE4F00462A34 /* shortStoryObject.swift in Sources */,
				7C639EB22A17EFB300DFD8CF /* AudioManager.swift in Sources */,
				7C639EB42A17F5D600DFD8CF /* PlaybackControlButton.swift in Sources */,
				7C00131B2A0ABCA900E27CB4 /* availableShortStories.swift in Sources */,
				287829012A002197007B3D60 /* verbConjMultipleChoiceView.swift in Sources */,
				28F4D2C629D249C00080608F /* ContentView.swift in Sources */,
				287828FB29FB2754007B3D60 /* multipleChoiceObject.swift in Sources */,
				7C639EAA2A1552DB00DFD8CF /* myListFlashCardActivity.swift in Sources */,
				287828F929FB160E007B3D60 /* multipleChoiceData.swift in Sources */,
				287828FF2A001623007B3D60 /* spellVerbObject.swift in Sources */,
				28E88FFD29F9D5F000D07103 /* JSONManager.swift in Sources */,
				7C77DB6A2A0EB6A200E9E766 /* chooseVCActivity.swift in Sources */,
				28F4D2C429D249C00080608F /* PracticeItalianAppApp.swift in Sources */,
				287828FD2A0013C2007B3D60 /* spellVerbData.swift in Sources */,
				7C43BCBA2A147E6F001378F4 /* createFlashCard.swift in Sources */,
				7CA544DF2A11D37800DB6441 /* flashCardActivity.swift in Sources */,
			);
			runOnlyForDeploymentPostprocessing = 0;
		};
/* End PBXSourcesBuildPhase section */

/* Begin XCBuildConfiguration section */
		28F4D2D129D249C50080608F /* Debug */ = {
			isa = XCBuildConfiguration;
			buildSettings = {
				ALWAYS_SEARCH_USER_PATHS = NO;
				CLANG_ANALYZER_NONNULL = YES;
				CLANG_ANALYZER_NUMBER_OBJECT_CONVERSION = YES_AGGRESSIVE;
				CLANG_CXX_LANGUAGE_STANDARD = "gnu++20";
				CLANG_ENABLE_MODULES = YES;
				CLANG_ENABLE_OBJC_ARC = YES;
				CLANG_ENABLE_OBJC_WEAK = YES;
				CLANG_WARN_BLOCK_CAPTURE_AUTORELEASING = YES;
				CLANG_WARN_BOOL_CONVERSION = YES;
				CLANG_WARN_COMMA = YES;
				CLANG_WARN_CONSTANT_CONVERSION = YES;
				CLANG_WARN_DEPRECATED_OBJC_IMPLEMENTATIONS = YES;
				CLANG_WARN_DIRECT_OBJC_ISA_USAGE = YES_ERROR;
				CLANG_WARN_DOCUMENTATION_COMMENTS = YES;
				CLANG_WARN_EMPTY_BODY = YES;
				CLANG_WARN_ENUM_CONVERSION = YES;
				CLANG_WARN_INFINITE_RECURSION = YES;
				CLANG_WARN_INT_CONVERSION = YES;
				CLANG_WARN_NON_LITERAL_NULL_CONVERSION = YES;
				CLANG_WARN_OBJC_IMPLICIT_RETAIN_SELF = YES;
				CLANG_WARN_OBJC_LITERAL_CONVERSION = YES;
				CLANG_WARN_OBJC_ROOT_CLASS = YES_ERROR;
				CLANG_WARN_QUOTED_INCLUDE_IN_FRAMEWORK_HEADER = YES;
				CLANG_WARN_RANGE_LOOP_ANALYSIS = YES;
				CLANG_WARN_STRICT_PROTOTYPES = YES;
				CLANG_WARN_SUSPICIOUS_MOVE = YES;
				CLANG_WARN_UNGUARDED_AVAILABILITY = YES_AGGRESSIVE;
				CLANG_WARN_UNREACHABLE_CODE = YES;
				CLANG_WARN__DUPLICATE_METHOD_MATCH = YES;
				COPY_PHASE_STRIP = NO;
				DEBUG_INFORMATION_FORMAT = dwarf;
				ENABLE_STRICT_OBJC_MSGSEND = YES;
				ENABLE_TESTABILITY = YES;
				GCC_C_LANGUAGE_STANDARD = gnu11;
				GCC_DYNAMIC_NO_PIC = NO;
				GCC_NO_COMMON_BLOCKS = YES;
				GCC_OPTIMIZATION_LEVEL = 0;
				GCC_PREPROCESSOR_DEFINITIONS = (
					"DEBUG=1",
					"$(inherited)",
				);
				GCC_WARN_64_TO_32_BIT_CONVERSION = YES;
				GCC_WARN_ABOUT_RETURN_TYPE = YES_ERROR;
				GCC_WARN_UNDECLARED_SELECTOR = YES;
				GCC_WARN_UNINITIALIZED_AUTOS = YES_AGGRESSIVE;
				GCC_WARN_UNUSED_FUNCTION = YES;
				GCC_WARN_UNUSED_VARIABLE = YES;
				IPHONEOS_DEPLOYMENT_TARGET = 16.2;
				MTL_ENABLE_DEBUG_INFO = INCLUDE_SOURCE;
				MTL_FAST_MATH = YES;
				ONLY_ACTIVE_ARCH = YES;
				SDKROOT = iphoneos;
				SWIFT_ACTIVE_COMPILATION_CONDITIONS = DEBUG;
				SWIFT_OPTIMIZATION_LEVEL = "-Onone";
				SWIFT_USE_INTEGRATED_DRIVER = NO;
			};
			name = Debug;
		};
		28F4D2D229D249C50080608F /* Release */ = {
			isa = XCBuildConfiguration;
			buildSettings = {
				ALWAYS_SEARCH_USER_PATHS = NO;
				CLANG_ANALYZER_NONNULL = YES;
				CLANG_ANALYZER_NUMBER_OBJECT_CONVERSION = YES_AGGRESSIVE;
				CLANG_CXX_LANGUAGE_STANDARD = "gnu++20";
				CLANG_ENABLE_MODULES = YES;
				CLANG_ENABLE_OBJC_ARC = YES;
				CLANG_ENABLE_OBJC_WEAK = YES;
				CLANG_WARN_BLOCK_CAPTURE_AUTORELEASING = YES;
				CLANG_WARN_BOOL_CONVERSION = YES;
				CLANG_WARN_COMMA = YES;
				CLANG_WARN_CONSTANT_CONVERSION = YES;
				CLANG_WARN_DEPRECATED_OBJC_IMPLEMENTATIONS = YES;
				CLANG_WARN_DIRECT_OBJC_ISA_USAGE = YES_ERROR;
				CLANG_WARN_DOCUMENTATION_COMMENTS = YES;
				CLANG_WARN_EMPTY_BODY = YES;
				CLANG_WARN_ENUM_CONVERSION = YES;
				CLANG_WARN_INFINITE_RECURSION = YES;
				CLANG_WARN_INT_CONVERSION = YES;
				CLANG_WARN_NON_LITERAL_NULL_CONVERSION = YES;
				CLANG_WARN_OBJC_IMPLICIT_RETAIN_SELF = YES;
				CLANG_WARN_OBJC_LITERAL_CONVERSION = YES;
				CLANG_WARN_OBJC_ROOT_CLASS = YES_ERROR;
				CLANG_WARN_QUOTED_INCLUDE_IN_FRAMEWORK_HEADER = YES;
				CLANG_WARN_RANGE_LOOP_ANALYSIS = YES;
				CLANG_WARN_STRICT_PROTOTYPES = YES;
				CLANG_WARN_SUSPICIOUS_MOVE = YES;
				CLANG_WARN_UNGUARDED_AVAILABILITY = YES_AGGRESSIVE;
				CLANG_WARN_UNREACHABLE_CODE = YES;
				CLANG_WARN__DUPLICATE_METHOD_MATCH = YES;
				COPY_PHASE_STRIP = NO;
				DEBUG_INFORMATION_FORMAT = "dwarf-with-dsym";
				ENABLE_NS_ASSERTIONS = NO;
				ENABLE_STRICT_OBJC_MSGSEND = YES;
				GCC_C_LANGUAGE_STANDARD = gnu11;
				GCC_NO_COMMON_BLOCKS = YES;
				GCC_WARN_64_TO_32_BIT_CONVERSION = YES;
				GCC_WARN_ABOUT_RETURN_TYPE = YES_ERROR;
				GCC_WARN_UNDECLARED_SELECTOR = YES;
				GCC_WARN_UNINITIALIZED_AUTOS = YES_AGGRESSIVE;
				GCC_WARN_UNUSED_FUNCTION = YES;
				GCC_WARN_UNUSED_VARIABLE = YES;
				IPHONEOS_DEPLOYMENT_TARGET = 16.2;
				MTL_ENABLE_DEBUG_INFO = NO;
				MTL_FAST_MATH = YES;
				SDKROOT = iphoneos;
				SWIFT_COMPILATION_MODE = wholemodule;
				SWIFT_OPTIMIZATION_LEVEL = "-O";
				SWIFT_USE_INTEGRATED_DRIVER = NO;
				VALIDATE_PRODUCT = YES;
			};
			name = Release;
		};
		28F4D2D429D249C50080608F /* Debug */ = {
			isa = XCBuildConfiguration;
			buildSettings = {
				ASSETCATALOG_COMPILER_APPICON_NAME = AppIcon;
				ASSETCATALOG_COMPILER_GLOBAL_ACCENT_COLOR_NAME = AccentColor;
				CODE_SIGN_STYLE = Automatic;
				CURRENT_PROJECT_VERSION = 1;
				DEVELOPMENT_ASSET_PATHS = "\"PracticeItalianApp/Preview Content\"";
				ENABLE_PREVIEWS = YES;
				GENERATE_INFOPLIST_FILE = YES;
				INFOPLIST_FILE = PracticeItalianApp/Info.plist;
				INFOPLIST_KEY_UIApplicationSceneManifest_Generation = YES;
				INFOPLIST_KEY_UIApplicationSupportsIndirectInputEvents = YES;
				INFOPLIST_KEY_UILaunchScreen_Generation = YES;
				INFOPLIST_KEY_UISupportedInterfaceOrientations_iPad = "UIInterfaceOrientationPortrait UIInterfaceOrientationPortraitUpsideDown UIInterfaceOrientationLandscapeLeft UIInterfaceOrientationLandscapeRight";
				INFOPLIST_KEY_UISupportedInterfaceOrientations_iPhone = "UIInterfaceOrientationPortrait UIInterfaceOrientationLandscapeLeft UIInterfaceOrientationLandscapeRight";
				LD_RUNPATH_SEARCH_PATHS = (
					"$(inherited)",
					"@executable_path/Frameworks",
				);
				MARKETING_VERSION = 1.0;
				PRODUCT_BUNDLE_IDENTIFIER = auburnCS.PracticeItalianApp;
				PRODUCT_NAME = "$(TARGET_NAME)";
				SWIFT_EMIT_LOC_STRINGS = YES;
				SWIFT_USE_INTEGRATED_DRIVER = NO;
				SWIFT_VERSION = 5.0;
				TARGETED_DEVICE_FAMILY = "1,2";
			};
			name = Debug;
		};
		28F4D2D529D249C50080608F /* Release */ = {
			isa = XCBuildConfiguration;
			buildSettings = {
				ASSETCATALOG_COMPILER_APPICON_NAME = AppIcon;
				ASSETCATALOG_COMPILER_GLOBAL_ACCENT_COLOR_NAME = AccentColor;
				CODE_SIGN_STYLE = Automatic;
				CURRENT_PROJECT_VERSION = 1;
				DEVELOPMENT_ASSET_PATHS = "\"PracticeItalianApp/Preview Content\"";
				ENABLE_PREVIEWS = YES;
				GENERATE_INFOPLIST_FILE = YES;
				INFOPLIST_FILE = PracticeItalianApp/Info.plist;
				INFOPLIST_KEY_UIApplicationSceneManifest_Generation = YES;
				INFOPLIST_KEY_UIApplicationSupportsIndirectInputEvents = YES;
				INFOPLIST_KEY_UILaunchScreen_Generation = YES;
				INFOPLIST_KEY_UISupportedInterfaceOrientations_iPad = "UIInterfaceOrientationPortrait UIInterfaceOrientationPortraitUpsideDown UIInterfaceOrientationLandscapeLeft UIInterfaceOrientationLandscapeRight";
				INFOPLIST_KEY_UISupportedInterfaceOrientations_iPhone = "UIInterfaceOrientationPortrait UIInterfaceOrientationLandscapeLeft UIInterfaceOrientationLandscapeRight";
				LD_RUNPATH_SEARCH_PATHS = (
					"$(inherited)",
					"@executable_path/Frameworks",
				);
				MARKETING_VERSION = 1.0;
				PRODUCT_BUNDLE_IDENTIFIER = auburnCS.PracticeItalianApp;
				PRODUCT_NAME = "$(TARGET_NAME)";
				SWIFT_EMIT_LOC_STRINGS = YES;
				SWIFT_USE_INTEGRATED_DRIVER = NO;
				SWIFT_VERSION = 5.0;
				TARGETED_DEVICE_FAMILY = "1,2";
			};
			name = Release;
		};
/* End XCBuildConfiguration section */

/* Begin XCConfigurationList section */
		28F4D2BB29D249C00080608F /* Build configuration list for PBXProject "PracticeItalianApp" */ = {
			isa = XCConfigurationList;
			buildConfigurations = (
				28F4D2D129D249C50080608F /* Debug */,
				28F4D2D229D249C50080608F /* Release */,
			);
			defaultConfigurationIsVisible = 0;
			defaultConfigurationName = Release;
		};
		28F4D2D329D249C50080608F /* Build configuration list for PBXNativeTarget "PracticeItalianApp" */ = {
			isa = XCConfigurationList;
			buildConfigurations = (
				28F4D2D429D249C50080608F /* Debug */,
				28F4D2D529D249C50080608F /* Release */,
			);
			defaultConfigurationIsVisible = 0;
			defaultConfigurationName = Release;
		};
/* End XCConfigurationList section */

/* Begin XCVersionGroup section */
		28F4D2CE29D249C50080608F /* PracticeItalianApp.xcdatamodeld */ = {
			isa = XCVersionGroup;
			children = (
				28F4D2CF29D249C50080608F /* PracticeItalianApp.xcdatamodel */,
			);
			currentVersion = 28F4D2CF29D249C50080608F /* PracticeItalianApp.xcdatamodel */;
			path = PracticeItalianApp.xcdatamodeld;
			sourceTree = "<group>";
			versionGroupType = wrapper.xcdatamodel;
		};
/* End XCVersionGroup section */
	};
	rootObject = 28F4D2B829D249C00080608F /* Project object */;
}
